
Microsoft Visual Studio Solution File, Format Version 12.00
# Visual Studio Version 17
VisualStudioVersion = 17.13.35806.99
MinimumVisualStudioVersion = 10.0.40219.1
Project("{FAE04EC0-301F-11D3-BF4B-00C04F79EFBC}") = "ex01", "ex01\ex01.csproj", "{2CC26E43-E594-4B72-B3DC-B71525978336}"
EndProject
Project("{FAE04EC0-301F-11D3-BF4B-00C04F79EFBC}") = "ex02", "ex02\ex02.csproj", "{9D919561-B836-4F23-8BAA-DECEF1029ED8}"
EndProject
Project("{FAE04EC0-301F-11D3-BF4B-00C04F79EFBC}") = "ex03", "ex03\ex03.csproj", "{CC94C781-F148-4B01-B4BA-56BB7D278F84}"
EndProject
Project("{FAE04EC0-301F-11D3-BF4B-00C04F79EFBC}") = "ex04", "ex04\ex04.csproj", "{BFEB87CD-C464-46FB-A31B-8DE8106CA04C}"
EndProject
Project("{FAE04EC0-301F-11D3-BF4B-00C04F79EFBC}") = "ex05", "ex05\ex05.csproj", "{CFF89B8E-FA6D-45B3-9EE6-6320940EE169}"
EndProject
Project("{FAE04EC0-301F-11D3-BF4B-00C04F79EFBC}") = "ex06", "ex06\ex06.csproj", "{46A486A3-C4B6-4611-B91C-AD6C2D757137}"
EndProject
Project("{FAE04EC0-301F-11D3-BF4B-00C04F79EFBC}") = "ex07", "ex07\ex07.csproj", "{EDB473E9-6E8E-452A-9728-451A19C32EF7}"
EndProject
Project("{FAE04EC0-301F-11D3-BF4B-00C04F79EFBC}") = "ex08", "ex08\ex08.csproj", "{385AE117-3D01-42DC-AD48-EF0B330E2177}"
EndProject
Project("{FAE04EC0-301F-11D3-BF4B-00C04F79EFBC}") = "ex08_mod", "ex08_mod\ex08_mod.csproj", "{409A2C9E-F102-45D5-9E44-9215BB15496F}"
EndProject
Project("{FAE04EC0-301F-11D3-BF4B-00C04F79EFBC}") = "extra_ex01", "extra_ex01\extra_ex01.csproj", "{725D4F46-FAAE-4A56-86A6-42F7CC933759}"
EndProject
Project("{FAE04EC0-301F-11D3-BF4B-00C04F79EFBC}") = "extra_ex01_mod", "extra_ex01_mod\extra_ex01_mod.csproj", "{6577E630-B215-4D13-91EF-4BE383831AD0}"
EndProject
Project("{FAE04EC0-301F-11D3-BF4B-00C04F79EFBC}") = "extra_ex02", "extra_ex02\extra_ex02.csproj", "{F5288F02-CE67-460D-8C4A-C5643E769A98}"
EndProject
Project("{FAE04EC0-301F-11D3-BF4B-00C04F79EFBC}") = "extra_ex03", "extra_ex03\extra_ex03.csproj", "{EFD62474-CE1E-4D0C-A44F-893DEE3A2E4B}"
EndProject
Project("{FAE04EC0-301F-11D3-BF4B-00C04F79EFBC}") = "extra_ex04", "extra_ex04\extra_ex04.csproj", "{36C40640-2543-4B26-B6A4-6451DE83F154}"
EndProject
Project("{FAE04EC0-301F-11D3-BF4B-00C04F79EFBC}") = "extra_ex05", "extra_ex05\extra_ex05.csproj", "{0252B510-258C-4B35-9A65-AD7161F1FB43}"
EndProject
Project("{FAE04EC0-301F-11D3-BF4B-00C04F79EFBC}") = "extra_ex06", "extra_ex06\extra_ex06.csproj", "{756F302E-1276-4C11-9623-A30C26F739E8}"
EndProject
Project("{FAE04EC0-301F-11D3-BF4B-00C04F79EFBC}") = "extra_ex07", "extra_ex07\extra_ex07.csproj", "{3EF00361-AF97-4D43-BDBA-C9261A7F9CF7}"
EndProject
Project("{FAE04EC0-301F-11D3-BF4B-00C04F79EFBC}") = "extra_ex08", "extra_ex08\extra_ex08.csproj", "{4705AFBF-13FB-4C04-8429-95EB392C655A}"
EndProject
Project("{FAE04EC0-301F-11D3-BF4B-00C04F79EFBC}") = "extra_ex09", "extra_ex09\extra_ex09.csproj", "{1FD76DBE-8649-40E5-947A-860A179758C0}"
EndProject
Project("{FAE04EC0-301F-11D3-BF4B-00C04F79EFBC}") = "extra_ex10", "extra_ex10\extra_ex10.csproj", "{A9005E59-7D8C-4C65-A6F8-B67408D44F5B}"
EndProject
Project("{FAE04EC0-301F-11D3-BF4B-00C04F79EFBC}") = "extra_ex11", "extra_ex11\extra_ex11.csproj", "{9B394879-FE1E-456D-882E-6D0AE74AB86B}"
EndProject
Global
	GlobalSection(SolutionConfigurationPlatforms) = preSolution
		Debug|Any CPU = Debug|Any CPU
		Release|Any CPU = Release|Any CPU
	EndGlobalSection
	GlobalSection(ProjectConfigurationPlatforms) = postSolution
		{2CC26E43-E594-4B72-B3DC-B71525978336}.Debug|Any CPU.ActiveCfg = Debug|Any CPU
		{2CC26E43-E594-4B72-B3DC-B71525978336}.Debug|Any CPU.Build.0 = Debug|Any CPU
		{2CC26E43-E594-4B72-B3DC-B71525978336}.Release|Any CPU.ActiveCfg = Release|Any CPU
		{2CC26E43-E594-4B72-B3DC-B71525978336}.Release|Any CPU.Build.0 = Release|Any CPU
		{9D919561-B836-4F23-8BAA-DECEF1029ED8}.Debug|Any CPU.ActiveCfg = Debug|Any CPU
		{9D919561-B836-4F23-8BAA-DECEF1029ED8}.Debug|Any CPU.Build.0 = Debug|Any CPU
		{9D919561-B836-4F23-8BAA-DECEF1029ED8}.Release|Any CPU.ActiveCfg = Release|Any CPU
		{9D919561-B836-4F23-8BAA-DECEF1029ED8}.Release|Any CPU.Build.0 = Release|Any CPU
		{CC94C781-F148-4B01-B4BA-56BB7D278F84}.Debug|Any CPU.ActiveCfg = Debug|Any CPU
		{CC94C781-F148-4B01-B4BA-56BB7D278F84}.Debug|Any CPU.Build.0 = Debug|Any CPU
		{CC94C781-F148-4B01-B4BA-56BB7D278F84}.Release|Any CPU.ActiveCfg = Release|Any CPU
		{CC94C781-F148-4B01-B4BA-56BB7D278F84}.Release|Any CPU.Build.0 = Release|Any CPU
		{BFEB87CD-C464-46FB-A31B-8DE8106CA04C}.Debug|Any CPU.ActiveCfg = Debug|Any CPU
		{BFEB87CD-C464-46FB-A31B-8DE8106CA04C}.Debug|Any CPU.Build.0 = Debug|Any CPU
		{BFEB87CD-C464-46FB-A31B-8DE8106CA04C}.Release|Any CPU.ActiveCfg = Release|Any CPU
		{BFEB87CD-C464-46FB-A31B-8DE8106CA04C}.Release|Any CPU.Build.0 = Release|Any CPU
		{CFF89B8E-FA6D-45B3-9EE6-6320940EE169}.Debug|Any CPU.ActiveCfg = Debug|Any CPU
		{CFF89B8E-FA6D-45B3-9EE6-6320940EE169}.Debug|Any CPU.Build.0 = Debug|Any CPU
		{CFF89B8E-FA6D-45B3-9EE6-6320940EE169}.Release|Any CPU.ActiveCfg = Release|Any CPU
		{CFF89B8E-FA6D-45B3-9EE6-6320940EE169}.Release|Any CPU.Build.0 = Release|Any CPU
		{46A486A3-C4B6-4611-B91C-AD6C2D757137}.Debug|Any CPU.ActiveCfg = Debug|Any CPU
		{46A486A3-C4B6-4611-B91C-AD6C2D757137}.Debug|Any CPU.Build.0 = Debug|Any CPU
		{46A486A3-C4B6-4611-B91C-AD6C2D757137}.Release|Any CPU.ActiveCfg = Release|Any CPU
		{46A486A3-C4B6-4611-B91C-AD6C2D757137}.Release|Any CPU.Build.0 = Release|Any CPU
		{EDB473E9-6E8E-452A-9728-451A19C32EF7}.Debug|Any CPU.ActiveCfg = Debug|Any CPU
		{EDB473E9-6E8E-452A-9728-451A19C32EF7}.Debug|Any CPU.Build.0 = Debug|Any CPU
		{EDB473E9-6E8E-452A-9728-451A19C32EF7}.Release|Any CPU.ActiveCfg = Release|Any CPU
		{EDB473E9-6E8E-452A-9728-451A19C32EF7}.Release|Any CPU.Build.0 = Release|Any CPU
		{385AE117-3D01-42DC-AD48-EF0B330E2177}.Debug|Any CPU.ActiveCfg = Debug|Any CPU
		{385AE117-3D01-42DC-AD48-EF0B330E2177}.Debug|Any CPU.Build.0 = Debug|Any CPU
		{385AE117-3D01-42DC-AD48-EF0B330E2177}.Release|Any CPU.ActiveCfg = Release|Any CPU
		{385AE117-3D01-42DC-AD48-EF0B330E2177}.Release|Any CPU.Build.0 = Release|Any CPU
		{409A2C9E-F102-45D5-9E44-9215BB15496F}.Debug|Any CPU.ActiveCfg = Debug|Any CPU
		{409A2C9E-F102-45D5-9E44-9215BB15496F}.Debug|Any CPU.Build.0 = Debug|Any CPU
		{409A2C9E-F102-45D5-9E44-9215BB15496F}.Release|Any CPU.ActiveCfg = Release|Any CPU
		{409A2C9E-F102-45D5-9E44-9215BB15496F}.Release|Any CPU.Build.0 = Release|Any CPU
		{725D4F46-FAAE-4A56-86A6-42F7CC933759}.Debug|Any CPU.ActiveCfg = Debug|Any CPU
		{725D4F46-FAAE-4A56-86A6-42F7CC933759}.Debug|Any CPU.Build.0 = Debug|Any CPU
		{725D4F46-FAAE-4A56-86A6-42F7CC933759}.Release|Any CPU.ActiveCfg = Release|Any CPU
		{725D4F46-FAAE-4A56-86A6-42F7CC933759}.Release|Any CPU.Build.0 = Release|Any CPU
		{6577E630-B215-4D13-91EF-4BE383831AD0}.Debug|Any CPU.ActiveCfg = Debug|Any CPU
		{6577E630-B215-4D13-91EF-4BE383831AD0}.Debug|Any CPU.Build.0 = Debug|Any CPU
		{6577E630-B215-4D13-91EF-4BE383831AD0}.Release|Any CPU.ActiveCfg = Release|Any CPU
		{6577E630-B215-4D13-91EF-4BE383831AD0}.Release|Any CPU.Build.0 = Release|Any CPU
		{F5288F02-CE67-460D-8C4A-C5643E769A98}.Debug|Any CPU.ActiveCfg = Debug|Any CPU
		{F5288F02-CE67-460D-8C4A-C5643E769A98}.Debug|Any CPU.Build.0 = Debug|Any CPU
		{F5288F02-CE67-460D-8C4A-C5643E769A98}.Release|Any CPU.ActiveCfg = Release|Any CPU
		{F5288F02-CE67-460D-8C4A-C5643E769A98}.Release|Any CPU.Build.0 = Release|Any CPU
		{EFD62474-CE1E-4D0C-A44F-893DEE3A2E4B}.Debug|Any CPU.ActiveCfg = Debug|Any CPU
		{EFD62474-CE1E-4D0C-A44F-893DEE3A2E4B}.Debug|Any CPU.Build.0 = Debug|Any CPU
		{EFD62474-CE1E-4D0C-A44F-893DEE3A2E4B}.Release|Any CPU.ActiveCfg = Release|Any CPU
		{EFD62474-CE1E-4D0C-A44F-893DEE3A2E4B}.Release|Any CPU.Build.0 = Release|Any CPU
		{36C40640-2543-4B26-B6A4-6451DE83F154}.Debug|Any CPU.ActiveCfg = Debug|Any CPU
		{36C40640-2543-4B26-B6A4-6451DE83F154}.Debug|Any CPU.Build.0 = Debug|Any CPU
		{36C40640-2543-4B26-B6A4-6451DE83F154}.Release|Any CPU.ActiveCfg = Release|Any CPU
		{36C40640-2543-4B26-B6A4-6451DE83F154}.Release|Any CPU.Build.0 = Release|Any CPU
		{0252B510-258C-4B35-9A65-AD7161F1FB43}.Debug|Any CPU.ActiveCfg = Debug|Any CPU
		{0252B510-258C-4B35-9A65-AD7161F1FB43}.Debug|Any CPU.Build.0 = Debug|Any CPU
		{0252B510-258C-4B35-9A65-AD7161F1FB43}.Release|Any CPU.ActiveCfg = Release|Any CPU
		{0252B510-258C-4B35-9A65-AD7161F1FB43}.Release|Any CPU.Build.0 = Release|Any CPU
		{756F302E-1276-4C11-9623-A30C26F739E8}.Debug|Any CPU.ActiveCfg = Debug|Any CPU
		{756F302E-1276-4C11-9623-A30C26F739E8}.Debug|Any CPU.Build.0 = Debug|Any CPU
		{756F302E-1276-4C11-9623-A30C26F739E8}.Release|Any CPU.ActiveCfg = Release|Any CPU
		{756F302E-1276-4C11-9623-A30C26F739E8}.Release|Any CPU.Build.0 = Release|Any CPU
		{3EF00361-AF97-4D43-BDBA-C9261A7F9CF7}.Debug|Any CPU.ActiveCfg = Debug|Any CPU
		{3EF00361-AF97-4D43-BDBA-C9261A7F9CF7}.Debug|Any CPU.Build.0 = Debug|Any CPU
		{3EF00361-AF97-4D43-BDBA-C9261A7F9CF7}.Release|Any CPU.ActiveCfg = Release|Any CPU
		{3EF00361-AF97-4D43-BDBA-C9261A7F9CF7}.Release|Any CPU.Build.0 = Release|Any CPU
		{4705AFBF-13FB-4C04-8429-95EB392C655A}.Debug|Any CPU.ActiveCfg = Debug|Any CPU
		{4705AFBF-13FB-4C04-8429-95EB392C655A}.Debug|Any CPU.Build.0 = Debug|Any CPU
		{4705AFBF-13FB-4C04-8429-95EB392C655A}.Release|Any CPU.ActiveCfg = Release|Any CPU
		{4705AFBF-13FB-4C04-8429-95EB392C655A}.Release|Any CPU.Build.0 = Release|Any CPU
		{1FD76DBE-8649-40E5-947A-860A179758C0}.Debug|Any CPU.ActiveCfg = Debug|Any CPU
		{1FD76DBE-8649-40E5-947A-860A179758C0}.Debug|Any CPU.Build.0 = Debug|Any CPU
		{1FD76DBE-8649-40E5-947A-860A179758C0}.Release|Any CPU.ActiveCfg = Release|Any CPU
		{1FD76DBE-8649-40E5-947A-860A179758C0}.Release|Any CPU.Build.0 = Release|Any CPU
		{A9005E59-7D8C-4C65-A6F8-B67408D44F5B}.Debug|Any CPU.ActiveCfg = Debug|Any CPU
		{A9005E59-7D8C-4C65-A6F8-B67408D44F5B}.Debug|Any CPU.Build.0 = Debug|Any CPU
		{A9005E59-7D8C-4C65-A6F8-B67408D44F5B}.Release|Any CPU.ActiveCfg = Release|Any CPU
		{A9005E59-7D8C-4C65-A6F8-B67408D44F5B}.Release|Any CPU.Build.0 = Release|Any CPU
		{9B394879-FE1E-456D-882E-6D0AE74AB86B}.Debug|Any CPU.ActiveCfg = Debug|Any CPU
		{9B394879-FE1E-456D-882E-6D0AE74AB86B}.Debug|Any CPU.Build.0 = Debug|Any CPU
		{9B394879-FE1E-456D-882E-6D0AE74AB86B}.Release|Any CPU.ActiveCfg = Release|Any CPU
		{9B394879-FE1E-456D-882E-6D0AE74AB86B}.Release|Any CPU.Build.0 = Release|Any CPU
	EndGlobalSection
	GlobalSection(SolutionProperties) = preSolution
		HideSolutionNode = FALSE
	EndGlobalSection
	GlobalSection(ExtensibilityGlobals) = postSolution
		SolutionGuid = {A19EB7B5-50DB-4F48-838D-9E5E2178D637}
	EndGlobalSection
EndGlobal
