
Microsoft Visual Studio Solution File, Format Version 12.00
# Visual Studio Version 17
VisualStudioVersion = 17.13.35806.99 d17.13
MinimumVisualStudioVersion = 10.0.40219.1
Project("{FAE04EC0-301F-11D3-BF4B-00C04F79EFBC}") = "ex01", "ex01\ex01.csproj", "{FFE0DFA0-D8EE-403C-8CCB-009BAE3C6697}"
EndProject
Project("{FAE04EC0-301F-11D3-BF4B-00C04F79EFBC}") = "ex02", "ex02\ex02.csproj", "{7601F405-3A3C-4570-BF69-4F5B73C2F1FC}"
EndProject
Project("{FAE04EC0-301F-11D3-BF4B-00C04F79EFBC}") = "ex03", "ex03\ex03.csproj", "{6D608CB8-9257-4D48-845F-7B0C693A48AD}"
EndProject
Global
	GlobalSection(SolutionConfigurationPlatforms) = preSolution
		Debug|Any CPU = Debug|Any CPU
		Release|Any CPU = Release|Any CPU
	EndGlobalSection
	GlobalSection(ProjectConfigurationPlatforms) = postSolution
		{FFE0DFA0-D8EE-403C-8CCB-009BAE3C6697}.Debug|Any CPU.ActiveCfg = Debug|Any CPU
		{FFE0DFA0-D8EE-403C-8CCB-009BAE3C6697}.Debug|Any CPU.Build.0 = Debug|Any CPU
		{FFE0DFA0-D8EE-403C-8CCB-009BAE3C6697}.Release|Any CPU.ActiveCfg = Release|Any CPU
		{FFE0DFA0-D8EE-403C-8CCB-009BAE3C6697}.Release|Any CPU.Build.0 = Release|Any CPU
		{7601F405-3A3C-4570-BF69-4F5B73C2F1FC}.Debug|Any CPU.ActiveCfg = Debug|Any CPU
		{7601F405-3A3C-4570-BF69-4F5B73C2F1FC}.Debug|Any CPU.Build.0 = Debug|Any CPU
		{7601F405-3A3C-4570-BF69-4F5B73C2F1FC}.Release|Any CPU.ActiveCfg = Release|Any CPU
		{7601F405-3A3C-4570-BF69-4F5B73C2F1FC}.Release|Any CPU.Build.0 = Release|Any CPU
		{6D608CB8-9257-4D48-845F-7B0C693A48AD}.Debug|Any CPU.ActiveCfg = Debug|Any CPU
		{6D608CB8-9257-4D48-845F-7B0C693A48AD}.Debug|Any CPU.Build.0 = Debug|Any CPU
		{6D608CB8-9257-4D48-845F-7B0C693A48AD}.Release|Any CPU.ActiveCfg = Release|Any CPU
		{6D608CB8-9257-4D48-845F-7B0C693A48AD}.Release|Any CPU.Build.0 = Release|Any CPU
	EndGlobalSection
	GlobalSection(SolutionProperties) = preSolution
		HideSolutionNode = FALSE
	EndGlobalSection
	GlobalSection(ExtensibilityGlobals) = postSolution
		SolutionGuid = {DB447DD1-0B13-43EB-B528-00D874242B4B}
	EndGlobalSection
EndGlobal
