
Microsoft Visual Studio Solution File, Format Version 12.00
# Visual Studio Version 17
VisualStudioVersion = 17.13.35806.99
MinimumVisualStudioVersion = 10.0.40219.1
Project("{FAE04EC0-301F-11D3-BF4B-00C04F79EFBC}") = "ex01", "ex01\ex01.csproj", "{0504A9CC-F93F-4B64-9F9E-E2348EA11D43}"
EndProject
Project("{FAE04EC0-301F-11D3-BF4B-00C04F79EFBC}") = "ex02", "ex02\ex02.csproj", "{763B5AD6-7678-4ED1-9FF6-44A3E8BB4187}"
EndProject
Project("{FAE04EC0-301F-11D3-BF4B-00C04F79EFBC}") = "ex03", "ex03\ex03.csproj", "{0A1FD958-1E6B-4944-8FC6-9BF5FD4912C7}"
EndProject
Global
	GlobalSection(SolutionConfigurationPlatforms) = preSolution
		Debug|Any CPU = Debug|Any CPU
		Release|Any CPU = Release|Any CPU
	EndGlobalSection
	GlobalSection(ProjectConfigurationPlatforms) = postSolution
		{0504A9CC-F93F-4B64-9F9E-E2348EA11D43}.Debug|Any CPU.ActiveCfg = Debug|Any CPU
		{0504A9CC-F93F-4B64-9F9E-E2348EA11D43}.Debug|Any CPU.Build.0 = Debug|Any CPU
		{0504A9CC-F93F-4B64-9F9E-E2348EA11D43}.Release|Any CPU.ActiveCfg = Release|Any CPU
		{0504A9CC-F93F-4B64-9F9E-E2348EA11D43}.Release|Any CPU.Build.0 = Release|Any CPU
		{763B5AD6-7678-4ED1-9FF6-44A3E8BB4187}.Debug|Any CPU.ActiveCfg = Debug|Any CPU
		{763B5AD6-7678-4ED1-9FF6-44A3E8BB4187}.Debug|Any CPU.Build.0 = Debug|Any CPU
		{763B5AD6-7678-4ED1-9FF6-44A3E8BB4187}.Release|Any CPU.ActiveCfg = Release|Any CPU
		{763B5AD6-7678-4ED1-9FF6-44A3E8BB4187}.Release|Any CPU.Build.0 = Release|Any CPU
		{0A1FD958-1E6B-4944-8FC6-9BF5FD4912C7}.Debug|Any CPU.ActiveCfg = Debug|Any CPU
		{0A1FD958-1E6B-4944-8FC6-9BF5FD4912C7}.Debug|Any CPU.Build.0 = Debug|Any CPU
		{0A1FD958-1E6B-4944-8FC6-9BF5FD4912C7}.Release|Any CPU.ActiveCfg = Release|Any CPU
		{0A1FD958-1E6B-4944-8FC6-9BF5FD4912C7}.Release|Any CPU.Build.0 = Release|Any CPU
	EndGlobalSection
	GlobalSection(SolutionProperties) = preSolution
		HideSolutionNode = FALSE
	EndGlobalSection
	GlobalSection(ExtensibilityGlobals) = postSolution
		SolutionGuid = {78D03FEF-1037-4C6B-814F-4E7EAEB0ECA9}
	EndGlobalSection
EndGlobal
