
Microsoft Visual Studio Solution File, Format Version 12.00
# Visual Studio Version 17
VisualStudioVersion = 17.13.35806.99 d17.13
MinimumVisualStudioVersion = 10.0.40219.1
Project("{FAE04EC0-301F-11D3-BF4B-00C04F79EFBC}") = "ex01", "ex01\ex01.csproj", "{BDE190AE-D57D-43FD-BFAC-D5E778DCEC2B}"
EndProject
Project("{FAE04EC0-301F-11D3-BF4B-00C04F79EFBC}") = "ex02", "ex02\ex02.csproj", "{99E6DC4F-57CA-4C69-A373-B71E96421A55}"
EndProject
Global
	GlobalSection(SolutionConfigurationPlatforms) = preSolution
		Debug|Any CPU = Debug|Any CPU
		Release|Any CPU = Release|Any CPU
	EndGlobalSection
	GlobalSection(ProjectConfigurationPlatforms) = postSolution
		{BDE190AE-D57D-43FD-BFAC-D5E778DCEC2B}.Debug|Any CPU.ActiveCfg = Debug|Any CPU
		{BDE190AE-D57D-43FD-BFAC-D5E778DCEC2B}.Debug|Any CPU.Build.0 = Debug|Any CPU
		{BDE190AE-D57D-43FD-BFAC-D5E778DCEC2B}.Release|Any CPU.ActiveCfg = Release|Any CPU
		{BDE190AE-D57D-43FD-BFAC-D5E778DCEC2B}.Release|Any CPU.Build.0 = Release|Any CPU
		{99E6DC4F-57CA-4C69-A373-B71E96421A55}.Debug|Any CPU.ActiveCfg = Debug|Any CPU
		{99E6DC4F-57CA-4C69-A373-B71E96421A55}.Debug|Any CPU.Build.0 = Debug|Any CPU
		{99E6DC4F-57CA-4C69-A373-B71E96421A55}.Release|Any CPU.ActiveCfg = Release|Any CPU
		{99E6DC4F-57CA-4C69-A373-B71E96421A55}.Release|Any CPU.Build.0 = Release|Any CPU
	EndGlobalSection
	GlobalSection(SolutionProperties) = preSolution
		HideSolutionNode = FALSE
	EndGlobalSection
	GlobalSection(ExtensibilityGlobals) = postSolution
		SolutionGuid = {29F81636-51B7-4DF9-B21D-CBE353C76CE9}
	EndGlobalSection
EndGlobal
